// !$*UTF8*$!
{
	archiveVersion = 1;
	classes = {
	};
	objectVersion = 50;
	objects = {

/* Begin PBXBuildFile section */
		7A6F92C620F49C7B0052D81D /* AppDelegate.swift in Sources */ = {isa = PBXBuildFile; fileRef = 7A6F92C520F49C7B0052D81D /* AppDelegate.swift */; };
		7A6F92C820F49C7B0052D81D /* ViewController.swift in Sources */ = {isa = PBXBuildFile; fileRef = 7A6F92C720F49C7B0052D81D /* ViewController.swift */; };
		7A6F92CB20F49C7B0052D81D /* Main.storyboard in Resources */ = {isa = PBXBuildFile; fileRef = 7A6F92C920F49C7B0052D81D /* Main.storyboard */; };
		7A6F92CD20F49C7D0052D81D /* Assets.xcassets in Resources */ = {isa = PBXBuildFile; fileRef = 7A6F92CC20F49C7D0052D81D /* Assets.xcassets */; };
		7A6F92D020F49C7D0052D81D /* LaunchScreen.storyboard in Resources */ = {isa = PBXBuildFile; fileRef = 7A6F92CE20F49C7D0052D81D /* LaunchScreen.storyboard */; };
		7A6F92D820F49CA70052D81D /* ImageTool.swift in Sources */ = {isa = PBXBuildFile; fileRef = 7A6F92D720F49CA70052D81D /* ImageTool.swift */; };
		7A6F92DA20F49CF90052D81D /* DetailController.swift in Sources */ = {isa = PBXBuildFile; fileRef = 7A6F92D920F49CF90052D81D /* DetailController.swift */; };
		7A6F92DC20F49D040052D81D /* IntroController.swift in Sources */ = {isa = PBXBuildFile; fileRef = 7A6F92DB20F49D040052D81D /* IntroController.swift */; };
/* End PBXBuildFile section */

/* Begin PBXFileReference section */
		7A6F92C220F49C7B0052D81D /* MeiTuan.app */ = {isa = PBXFileReference; explicitFileType = wrapper.application; includeInIndex = 0; path = MeiTuan.app; sourceTree = BUILT_PRODUCTS_DIR; };
		7A6F92C520F49C7B0052D81D /* AppDelegate.swift */ = {isa = PBXFileReference; lastKnownFileType = sourcecode.swift; path = AppDelegate.swift; sourceTree = "<group>"; };
		7A6F92C720F49C7B0052D81D /* ViewController.swift */ = {isa = PBXFileReference; lastKnownFileType = sourcecode.swift; path = ViewController.swift; sourceTree = "<group>"; };
		7A6F92CA20F49C7B0052D81D /* Base */ = {isa = PBXFileReference; lastKnownFileType = file.storyboard; name = Base; path = Base.lproj/Main.storyboard; sourceTree = "<group>"; };
		7A6F92CC20F49C7D0052D81D /* Assets.xcassets */ = {isa = PBXFileReference; lastKnownFileType = folder.assetcatalog; path = Assets.xcassets; sourceTree = "<group>"; };
		7A6F92CF20F49C7D0052D81D /* Base */ = {isa = PBXFileReference; lastKnownFileType = file.storyboard; name = Base; path = Base.lproj/LaunchScreen.storyboard; sourceTree = "<group>"; };
		7A6F92D120F49C7D0052D81D /* Info.plist */ = {isa = PBXFileReference; lastKnownFileType = text.plist.xml; path = Info.plist; sourceTree = "<group>"; };
		7A6F92D720F49CA70052D81D /* ImageTool.swift */ = {isa = PBXFileReference; fileEncoding = 4; lastKnownFileType = sourcecode.swift; path = ImageTool.swift; sourceTree = "<group>"; };
		7A6F92D920F49CF90052D81D /* DetailController.swift */ = {isa = PBXFileReference; lastKnownFileType = sourcecode.swift; path = DetailController.swift; sourceTree = "<group>"; };
		7A6F92DB20F49D040052D81D /* IntroController.swift */ = {isa = PBXFileReference; lastKnownFileType = sourcecode.swift; path = IntroController.swift; sourceTree = "<group>"; };
/* End PBXFileReference section */

/* Begin PBXFrameworksBuildPhase section */
		7A6F92BF20F49C7B0052D81D /* Frameworks */ = {
			isa = PBXFrameworksBuildPhase;
			buildActionMask = 2147483647;
			files = (
			);
			runOnlyForDeploymentPostprocessing = 0;
		};
/* End PBXFrameworksBuildPhase section */

/* Begin PBXGroup section */
		7A6F92B920F49C7B0052D81D = {
			isa = PBXGroup;
			children = (
				7A6F92C420F49C7B0052D81D /* MeiTuan */,
				7A6F92C320F49C7B0052D81D /* Products */,
			);
			sourceTree = "<group>";
		};
		7A6F92C320F49C7B0052D81D /* Products */ = {
			isa = PBXGroup;
			children = (
				7A6F92C220F49C7B0052D81D /* MeiTuan.app */,
			);
			name = Products;
			sourceTree = "<group>";
		};
		7A6F92C420F49C7B0052D81D /* MeiTuan */ = {
			isa = PBXGroup;
			children = (
				7A6F92D720F49CA70052D81D /* ImageTool.swift */,
				7A6F92C520F49C7B0052D81D /* AppDelegate.swift */,
				7A6F92C720F49C7B0052D81D /* ViewController.swift */,
				7A6F92D920F49CF90052D81D /* DetailController.swift */,
				7A6F92DB20F49D040052D81D /* IntroController.swift */,
				7A6F92C920F49C7B0052D81D /* Main.storyboard */,
				7A6F92CC20F49C7D0052D81D /* Assets.xcassets */,
				7A6F92CE20F49C7D0052D81D /* LaunchScreen.storyboard */,
				7A6F92D120F49C7D0052D81D /* Info.plist */,
			);
			path = MeiTuan;
			sourceTree = "<group>";
		};
/* End PBXGroup section */

/* Begin PBXNativeTarget section */
		7A6F92C120F49C7B0052D81D /* MeiTuan */ = {
			isa = PBXNativeTarget;
			buildConfigurationList = 7A6F92D420F49C7D0052D81D /* Build configuration list for PBXNativeTarget "MeiTuan" */;
			buildPhases = (
				7A6F92BE20F49C7B0052D81D /* Sources */,
				7A6F92BF20F49C7B0052D81D /* Frameworks */,
				7A6F92C020F49C7B0052D81D /* Resources */,
			);
			buildRules = (
			);
			dependencies = (
			);
			name = MeiTuan;
			productName = MeiTuan;
			productReference = 7A6F92C220F49C7B0052D81D /* MeiTuan.app */;
			productType = "com.apple.product-type.application";
		};
/* End PBXNativeTarget section */

/* Begin PBXProject section */
		7A6F92BA20F49C7B0052D81D /* Project object */ = {
			isa = PBXProject;
			attributes = {
				LastSwiftUpdateCheck = 0940;
				LastUpgradeCheck = 0940;
				ORGANIZATIONNAME = zzq;
				TargetAttributes = {
					7A6F92C120F49C7B0052D81D = {
						CreatedOnToolsVersion = 9.4;
					};
				};
			};
			buildConfigurationList = 7A6F92BD20F49C7B0052D81D /* Build configuration list for PBXProject "MeiTuan" */;
			compatibilityVersion = "Xcode 9.3";
			developmentRegion = en;
			hasScannedForEncodings = 0;
			knownRegions = (
				en,
				Base,
			);
			mainGroup = 7A6F92B920F49C7B0052D81D;
			productRefGroup = 7A6F92C320F49C7B0052D81D /* Products */;
			projectDirPath = "";
			projectRoot = "";
			targets = (
				7A6F92C120F49C7B0052D81D /* MeiTuan */,
			);
		};
/* End PBXProject section */

/* Begin PBXResourcesBuildPhase section */
		7A6F92C020F49C7B0052D81D /* Resources */ = {
			isa = PBXResourcesBuildPhase;
			buildActionMask = 2147483647;
			files = (
				7A6F92D020F49C7D0052D81D /* LaunchScreen.storyboard in Resources */,
				7A6F92CD20F49C7D0052D81D /* Assets.xcassets in Resources */,
				7A6F92CB20F49C7B0052D81D /* Main.storyboard in Resources */,
			);
			runOnlyForDeploymentPostprocessing = 0;
		};
/* End PBXResourcesBuildPhase section */

/* Begin PBXSourcesBuildPhase section */
		7A6F92BE20F49C7B0052D81D /* Sources */ = {
			isa = PBXSourcesBuildPhase;
			buildActionMask = 2147483647;
			files = (
				7A6F92DA20F49CF90052D81D /* DetailController.swift in Sources */,
				7A6F92C820F49C7B0052D81D /* ViewController.swift in Sources */,
				7A6F92C620F49C7B0052D81D /* AppDelegate.swift in Sources */,
				7A6F92D820F49CA70052D81D /* ImageTool.swift in Sources */,
				7A6F92DC20F49D040052D81D /* IntroController.swift in Sources */,
			);
			runOnlyForDeploymentPostprocessing = 0;
		};
/* End PBXSourcesBuildPhase section */

/* Begin PBXVariantGroup section */
		7A6F92C920F49C7B0052D81D /* Main.storyboard */ = {
			isa = PBXVariantGroup;
			children = (
				7A6F92CA20F49C7B0052D81D /* Base */,
			);
			name = Main.storyboard;
			sourceTree = "<group>";
		};
		7A6F92CE20F49C7D0052D81D /* LaunchScreen.storyboard */ = {
			isa = PBXVariantGroup;
			children = (
				7A6F92CF20F49C7D0052D81D /* Base */,
			);
			name = LaunchScreen.storyboard;
			sourceTree = "<group>";
		};
/* End PBXVariantGroup section */

/* Begin XCBuildConfiguration section */
		7A6F92D220F49C7D0052D81D /* Debug */ = {
			isa = XCBuildConfiguration;
			buildSettings = {
				ALWAYS_SEARCH_USER_PATHS = NO;
				CLANG_ANALYZER_NONNULL = YES;
				CLANG_ANALYZER_NUMBER_OBJECT_CONVERSION = YES_AGGRESSIVE;
				CLANG_CXX_LANGUAGE_STANDARD = "gnu++14";
				CLANG_CXX_LIBRARY = "libc++";
				CLANG_ENABLE_MODULES = YES;
				CLANG_ENABLE_OBJC_ARC = YES;
				CLANG_ENABLE_OBJC_WEAK = YES;
				CLANG_WARN_BLOCK_CAPTURE_AUTORELEASING = YES;
				CLANG_WARN_BOOL_CONVERSION = YES;
				CLANG_WARN_COMMA = YES;
				CLANG_WARN_CONSTANT_CONVERSION = YES;
				CLANG_WARN_DEPRECATED_OBJC_IMPLEMENTATIONS = YES;
				CLANG_WARN_DIRECT_OBJC_ISA_USAGE = YES_ERROR;
				CLANG_WARN_DOCUMENTATION_COMMENTS = YES;
				CLANG_WARN_EMPTY_BODY = YES;
				CLANG_WARN_ENUM_CONVERSION = YES;
				CLANG_WARN_INFINITE_RECURSION = YES;
				CLANG_WARN_INT_CONVERSION = YES;
				CLANG_WARN_NON_LITERAL_NULL_CONVERSION = YES;
				CLANG_WARN_OBJC_IMPLICIT_RETAIN_SELF = YES;
				CLANG_WARN_OBJC_LITERAL_CONVERSION = YES;
				CLANG_WARN_OBJC_ROOT_CLASS = YES_ERROR;
				CLANG_WARN_RANGE_LOOP_ANALYSIS = YES;
				CLANG_WARN_STRICT_PROTOTYPES = YES;
				CLANG_WARN_SUSPICIOUS_MOVE = YES;
				CLANG_WARN_UNGUARDED_AVAILABILITY = YES_AGGRESSIVE;
				CLANG_WARN_UNREACHABLE_CODE = YES;
				CLANG_WARN__DUPLICATE_METHOD_MATCH = YES;
				CODE_SIGN_IDENTITY = "iPhone Developer";
				COPY_PHASE_STRIP = NO;
				DEBUG_INFORMATION_FORMAT = dwarf;
				ENABLE_STRICT_OBJC_MSGSEND = YES;
				ENABLE_TESTABILITY = YES;
				GCC_C_LANGUAGE_STANDARD = gnu11;
				GCC_DYNAMIC_NO_PIC = NO;
				GCC_NO_COMMON_BLOCKS = YES;
				GCC_OPTIMIZATION_LEVEL = 0;
				GCC_PREPROCESSOR_DEFINITIONS = (
					"DEBUG=1",
					"$(inherited)",
				);
				GCC_WARN_64_TO_32_BIT_CONVERSION = YES;
				GCC_WARN_ABOUT_RETURN_TYPE = YES_ERROR;
				GCC_WARN_UNDECLARED_SELECTOR = YES;
				GCC_WARN_UNINITIALIZED_AUTOS = YES_AGGRESSIVE;
				GCC_WARN_UNUSED_FUNCTION = YES;
				GCC_WARN_UNUSED_VARIABLE = YES;
				IPHONEOS_DEPLOYMENT_TARGET = 11.4;
				MTL_ENABLE_DEBUG_INFO = YES;
				ONLY_ACTIVE_ARCH = YES;
				SDKROOT = iphoneos;
				SWIFT_ACTIVE_COMPILATION_CONDITIONS = DEBUG;
				SWIFT_OPTIMIZATION_LEVEL = "-Onone";
			};
			name = Debug;
		};
		7A6F92D320F49C7D0052D81D /* Release */ = {
			isa = XCBuildConfiguration;
			buildSettings = {
				ALWAYS_SEARCH_USER_PATHS = NO;
				CLANG_ANALYZER_NONNULL = YES;
				CLANG_ANALYZER_NUMBER_OBJECT_CONVERSION = YES_AGGRESSIVE;
				CLANG_CXX_LANGUAGE_STANDARD = "gnu++14";
				CLANG_CXX_LIBRARY = "libc++";
				CLANG_ENABLE_MODULES = YES;
				CLANG_ENABLE_OBJC_ARC = YES;
				CLANG_ENABLE_OBJC_WEAK = YES;
				CLANG_WARN_BLOCK_CAPTURE_AUTORELEASING = YES;
				CLANG_WARN_BOOL_CONVERSION = YES;
				CLANG_WARN_COMMA = YES;
				CLANG_WARN_CONSTANT_CONVERSION = YES;
				CLANG_WARN_DEPRECATED_OBJC_IMPLEMENTATIONS = YES;
				CLANG_WARN_DIRECT_OBJC_ISA_USAGE = YES_ERROR;
				CLANG_WARN_DOCUMENTATION_COMMENTS = YES;
				CLANG_WARN_EMPTY_BODY = YES;
				CLANG_WARN_ENUM_CONVERSION = YES;
				CLANG_WARN_INFINITE_RECURSION = YES;
				CLANG_WARN_INT_CONVERSION = YES;
				CLANG_WARN_NON_LITERAL_NULL_CONVERSION = YES;
				CLANG_WARN_OBJC_IMPLICIT_RETAIN_SELF = YES;
				CLANG_WARN_OBJC_LITERAL_CONVERSION = YES;
				CLANG_WARN_OBJC_ROOT_CLASS = YES_ERROR;
				CLANG_WARN_RANGE_LOOP_ANALYSIS = YES;
				CLANG_WARN_STRICT_PROTOTYPES = YES;
				CLANG_WARN_SUSPICIOUS_MOVE = YES;
				CLANG_WARN_UNGUARDED_AVAILABILITY = YES_AGGRESSIVE;
				CLANG_WARN_UNREACHABLE_CODE = YES;
				CLANG_WARN__DUPLICATE_METHOD_MATCH = YES;
				CODE_SIGN_IDENTITY = "iPhone Developer";
				COPY_PHASE_STRIP = NO;
				DEBUG_INFORMATION_FORMAT = "dwarf-with-dsym";
				ENABLE_NS_ASSERTIONS = NO;
				ENABLE_STRICT_OBJC_MSGSEND = YES;
				GCC_C_LANGUAGE_STANDARD = gnu11;
				GCC_NO_COMMON_BLOCKS = YES;
				GCC_WARN_64_TO_32_BIT_CONVERSION = YES;
				GCC_WARN_ABOUT_RETURN_TYPE = YES_ERROR;
				GCC_WARN_UNDECLARED_SELECTOR = YES;
				GCC_WARN_UNINITIALIZED_AUTOS = YES_AGGRESSIVE;
				GCC_WARN_UNUSED_FUNCTION = YES;
				GCC_WARN_UNUSED_VARIABLE = YES;
				IPHONEOS_DEPLOYMENT_TARGET = 11.4;
				MTL_ENABLE_DEBUG_INFO = NO;
				SDKROOT = iphoneos;
				SWIFT_COMPILATION_MODE = wholemodule;
				SWIFT_OPTIMIZATION_LEVEL = "-O";
				VALIDATE_PRODUCT = YES;
			};
			name = Release;
		};
		7A6F92D520F49C7D0052D81D /* Debug */ = {
			isa = XCBuildConfiguration;
			buildSettings = {
				ASSETCATALOG_COMPILER_APPICON_NAME = AppIcon;
				CODE_SIGN_STYLE = Automatic;
				INFOPLIST_FILE = MeiTuan/Info.plist;
				LD_RUNPATH_SEARCH_PATHS = (
					"$(inherited)",
					"@executable_path/Frameworks",
				);
				PRODUCT_BUNDLE_IDENTIFIER = jinyinmao.MeiTuan;
				PRODUCT_NAME = "$(TARGET_NAME)";
				SWIFT_VERSION = 4.0;
				TARGETED_DEVICE_FAMILY = "1,2";
			};
			name = Debug;
		};
		7A6F92D620F49C7D0052D81D /* Release */ = {
			isa = XCBuildConfiguration;
			buildSettings = {
				ASSETCATALOG_COMPILER_APPICON_NAME = AppIcon;
				CODE_SIGN_STYLE = Automatic;
				INFOPLIST_FILE = MeiTuan/Info.plist;
				LD_RUNPATH_SEARCH_PATHS = (
					"$(inherited)",
					"@executable_path/Frameworks",
				);
				PRODUCT_BUNDLE_IDENTIFIER = jinyinmao.MeiTuan;
				PRODUCT_NAME = "$(TARGET_NAME)";
				SWIFT_VERSION = 4.0;
				TARGETED_DEVICE_FAMILY = "1,2";
			};
			name = Release;
		};
/* End XCBuildConfiguration section */

/* Begin XCConfigurationList section */
		7A6F92BD20F49C7B0052D81D /* Build configuration list for PBXProject "MeiTuan" */ = {
			isa = XCConfigurationList;
			buildConfigurations = (
				7A6F92D220F49C7D0052D81D /* Debug */,
				7A6F92D320F49C7D0052D81D /* Release */,
			);
			defaultConfigurationIsVisible = 0;
			defaultConfigurationName = Release;
		};
		7A6F92D420F49C7D0052D81D /* Build configuration list for PBXNativeTarget "MeiTuan" */ = {
			isa = XCConfigurationList;
			buildConfigurations = (
				7A6F92D520F49C7D0052D81D /* Debug */,
				7A6F92D620F49C7D0052D81D /* Release */,
			);
			defaultConfigurationIsVisible = 0;
			defaultConfigurationName = Release;
		};
/* End XCConfigurationList section */
	};
	rootObject = 7A6F92BA20F49C7B0052D81D /* Project object */;
}
